
Microsoft Visual Studio Solution File, Format Version 12.00
# Visual Studio Version 17
VisualStudioVersion = 17.8.34309.116
MinimumVisualStudioVersion = 10.0.40219.1
Project("{FAE04EC0-301F-11D3-BF4B-00C04F79EFBC}") = "Testiing", "Testiing\Testiing.csproj", "{056964A3-064C-4E42-AEDD-8B973130CBDE}"
EndProject
Global
	GlobalSection(SolutionConfigurationPlatforms) = preSolution
		Debug|Any CPU = Debug|Any CPU
		Release|Any CPU = Release|Any CPU
	EndGlobalSection
	GlobalSection(ProjectConfigurationPlatforms) = postSolution
		{056964A3-064C-4E42-AEDD-8B973130CBDE}.Debug|Any CPU.ActiveCfg = Debug|Any CPU
		{056964A3-064C-4E42-AEDD-8B973130CBDE}.Debug|Any CPU.Build.0 = Debug|Any CPU
		{056964A3-064C-4E42-AEDD-8B973130CBDE}.Release|Any CPU.ActiveCfg = Release|Any CPU
		{056964A3-064C-4E42-AEDD-8B973130CBDE}.Release|Any CPU.Build.0 = Release|Any CPU
	EndGlobalSection
	GlobalSection(SolutionProperties) = preSolution
		HideSolutionNode = FALSE
	EndGlobalSection
	GlobalSection(ExtensibilityGlobals) = postSolution
		SolutionGuid = {078FC9BF-ACA8-480E-B9AC-98CC52CA85E6}
	EndGlobalSection
EndGlobal
